
Microsoft Visual Studio Solution File, Format Version 12.00
# Visual Studio Version 17
VisualStudioVersion = 17.14.36915.13
MinimumVisualStudioVersion = 10.0.40219.1
Project("{FAE04EC0-301F-11D3-BF4B-00C04F79EFBC}") = "API_Citas-Uts", "API_Citas-Uts.csproj", "{7E7E7CDB-3B86-443F-8224-3B059D40F73E}"
EndProject
Project("{FAE04EC0-301F-11D3-BF4B-00C04F79EFBC}") = "Seguridad.Pruebas", "..\Seguridad.Pruebas\Seguridad.Pruebas.csproj", "{CEB337A3-7B03-40F6-942C-24C8151113FE}"
EndProject
Global
	GlobalSection(SolutionConfigurationPlatforms) = preSolution
		Debug|Any CPU = Debug|Any CPU
		Release|Any CPU = Release|Any CPU
	EndGlobalSection
	GlobalSection(ProjectConfigurationPlatforms) = postSolution
		{7E7E7CDB-3B86-443F-8224-3B059D40F73E}.Debug|Any CPU.ActiveCfg = Debug|Any CPU
		{7E7E7CDB-3B86-443F-8224-3B059D40F73E}.Debug|Any CPU.Build.0 = Debug|Any CPU
		{7E7E7CDB-3B86-443F-8224-3B059D40F73E}.Release|Any CPU.ActiveCfg = Release|Any CPU
		{7E7E7CDB-3B86-443F-8224-3B059D40F73E}.Release|Any CPU.Build.0 = Release|Any CPU
		{CEB337A3-7B03-40F6-942C-24C8151113FE}.Debug|Any CPU.ActiveCfg = Debug|Any CPU
		{CEB337A3-7B03-40F6-942C-24C8151113FE}.Debug|Any CPU.Build.0 = Debug|Any CPU
		{CEB337A3-7B03-40F6-942C-24C8151113FE}.Release|Any CPU.ActiveCfg = Release|Any CPU
		{CEB337A3-7B03-40F6-942C-24C8151113FE}.Release|Any CPU.Build.0 = Release|Any CPU
	EndGlobalSection
	GlobalSection(SolutionProperties) = preSolution
		HideSolutionNode = FALSE
	EndGlobalSection
	GlobalSection(ExtensibilityGlobals) = postSolution
		SolutionGuid = {30CA90B3-9B42-4FD1-901B-C87B22662823}
	EndGlobalSection
EndGlobal
